
Microsoft Visual Studio Solution File, Format Version 12.00
# Visual Studio Version 17
VisualStudioVersion = 17.8.34408.163
MinimumVisualStudioVersion = 10.0.40219.1
Project("{9A19103F-16F7-4668-BE54-9A1E7A4F7556}") = "Server", "Server\Server.csproj", "{85E6598E-DC97-4C81-9D8A-AA891B8D1284}"
EndProject
Project("{2150E333-8FDC-42A3-9474-1A3956D46DE8}") = "Data Access Layer", "Data Access Layer", "{777B23F9-F7C8-4CA1-BA15-4DD59ADFFD4E}"
EndProject
Project("{2150E333-8FDC-42A3-9474-1A3956D46DE8}") = "Presentation Layer", "Presentation Layer", "{019957BC-CF9D-4ED1-8959-BC7D2F709B29}"
EndProject
Project("{9A19103F-16F7-4668-BE54-9A1E7A4F7556}") = "Persistence", "Persistence\Persistence.csproj", "{64D061D7-5D8A-43A0-A000-5D8942A22B83}"
EndProject
Project("{2150E333-8FDC-42A3-9474-1A3956D46DE8}") = "Domain Models", "Domain Models", "{B06D81CA-7896-4A90-AF15-C0BAEC05A13F}"
EndProject
Project("{2150E333-8FDC-42A3-9474-1A3956D46DE8}") = "Libraries", "Libraries", "{A175E989-B4D5-456D-A11C-7C254CC9A5E7}"
EndProject
Project("{2150E333-8FDC-42A3-9474-1A3956D46DE8}") = "Shared", "Shared", "{DD4739B3-9784-4DED-BFB1-DC389B7AD2C2}"
EndProject
Project("{9A19103F-16F7-4668-BE54-9A1E7A4F7556}") = "Domain", "Domain\Domain.csproj", "{4E6B83EC-D695-4245-B4D6-B162C2A44A4C}"
EndProject
Project("{9A19103F-16F7-4668-BE54-9A1E7A4F7556}") = "ViewModels", "ViewModels\ViewModels.csproj", "{428E20A0-AA18-42BB-8BA3-195F7417CEAB}"
EndProject
Project("{9A19103F-16F7-4668-BE54-9A1E7A4F7556}") = "Dtat", "Dtat\Dtat.csproj", "{6800CA40-95D8-4736-8841-B012359728BF}"
EndProject
Project("{9A19103F-16F7-4668-BE54-9A1E7A4F7556}") = "Resources", "Resources\Resources.csproj", "{A21FD474-8752-43BD-925C-0A0C2CAF8A0A}"
EndProject
Project("{9A19103F-16F7-4668-BE54-9A1E7A4F7556}") = "Constants", "Constants\Constants.csproj", "{5B33BB93-E9AC-489D-8C4C-482D3C286D06}"
EndProject
Project("{9A19103F-16F7-4668-BE54-9A1E7A4F7556}") = "Dtat.Seedwork.Abstractions", "Dtat.Seedwork.Abstractions\Dtat.Seedwork.Abstractions.csproj", "{E409CC84-909F-41F3-A830-8B756A9B4F39}"
EndProject
Project("{9A19103F-16F7-4668-BE54-9A1E7A4F7556}") = "Dtat.StateMachine", "Dtat.StateMachine\Dtat.StateMachine.csproj", "{536E7B3C-CEDC-4275-B7E6-F5F2BE760197}"
EndProject
Project("{9A19103F-16F7-4668-BE54-9A1E7A4F7556}") = "Dtat.StateMachine.Abstractions", "Dtat.StateMachine.Abstractions\Dtat.StateMachine.Abstractions.csproj", "{B3F4614C-D0AA-4CB0-97FE-0774759E2F86}"
EndProject
Global
	GlobalSection(SolutionConfigurationPlatforms) = preSolution
		Debug|Any CPU = Debug|Any CPU
		Release|Any CPU = Release|Any CPU
	EndGlobalSection
	GlobalSection(ProjectConfigurationPlatforms) = postSolution
		{85E6598E-DC97-4C81-9D8A-AA891B8D1284}.Debug|Any CPU.ActiveCfg = Debug|Any CPU
		{85E6598E-DC97-4C81-9D8A-AA891B8D1284}.Debug|Any CPU.Build.0 = Debug|Any CPU
		{85E6598E-DC97-4C81-9D8A-AA891B8D1284}.Release|Any CPU.ActiveCfg = Release|Any CPU
		{85E6598E-DC97-4C81-9D8A-AA891B8D1284}.Release|Any CPU.Build.0 = Release|Any CPU
		{64D061D7-5D8A-43A0-A000-5D8942A22B83}.Debug|Any CPU.ActiveCfg = Debug|Any CPU
		{64D061D7-5D8A-43A0-A000-5D8942A22B83}.Debug|Any CPU.Build.0 = Debug|Any CPU
		{64D061D7-5D8A-43A0-A000-5D8942A22B83}.Release|Any CPU.ActiveCfg = Release|Any CPU
		{64D061D7-5D8A-43A0-A000-5D8942A22B83}.Release|Any CPU.Build.0 = Release|Any CPU
		{4E6B83EC-D695-4245-B4D6-B162C2A44A4C}.Debug|Any CPU.ActiveCfg = Debug|Any CPU
		{4E6B83EC-D695-4245-B4D6-B162C2A44A4C}.Debug|Any CPU.Build.0 = Debug|Any CPU
		{4E6B83EC-D695-4245-B4D6-B162C2A44A4C}.Release|Any CPU.ActiveCfg = Release|Any CPU
		{4E6B83EC-D695-4245-B4D6-B162C2A44A4C}.Release|Any CPU.Build.0 = Release|Any CPU
		{428E20A0-AA18-42BB-8BA3-195F7417CEAB}.Debug|Any CPU.ActiveCfg = Debug|Any CPU
		{428E20A0-AA18-42BB-8BA3-195F7417CEAB}.Debug|Any CPU.Build.0 = Debug|Any CPU
		{428E20A0-AA18-42BB-8BA3-195F7417CEAB}.Release|Any CPU.ActiveCfg = Release|Any CPU
		{428E20A0-AA18-42BB-8BA3-195F7417CEAB}.Release|Any CPU.Build.0 = Release|Any CPU
		{6800CA40-95D8-4736-8841-B012359728BF}.Debug|Any CPU.ActiveCfg = Debug|Any CPU
		{6800CA40-95D8-4736-8841-B012359728BF}.Debug|Any CPU.Build.0 = Debug|Any CPU
		{6800CA40-95D8-4736-8841-B012359728BF}.Release|Any CPU.ActiveCfg = Release|Any CPU
		{6800CA40-95D8-4736-8841-B012359728BF}.Release|Any CPU.Build.0 = Release|Any CPU
		{A21FD474-8752-43BD-925C-0A0C2CAF8A0A}.Debug|Any CPU.ActiveCfg = Debug|Any CPU
		{A21FD474-8752-43BD-925C-0A0C2CAF8A0A}.Debug|Any CPU.Build.0 = Debug|Any CPU
		{A21FD474-8752-43BD-925C-0A0C2CAF8A0A}.Release|Any CPU.ActiveCfg = Release|Any CPU
		{A21FD474-8752-43BD-925C-0A0C2CAF8A0A}.Release|Any CPU.Build.0 = Release|Any CPU
		{5B33BB93-E9AC-489D-8C4C-482D3C286D06}.Debug|Any CPU.ActiveCfg = Debug|Any CPU
		{5B33BB93-E9AC-489D-8C4C-482D3C286D06}.Debug|Any CPU.Build.0 = Debug|Any CPU
		{5B33BB93-E9AC-489D-8C4C-482D3C286D06}.Release|Any CPU.ActiveCfg = Release|Any CPU
		{5B33BB93-E9AC-489D-8C4C-482D3C286D06}.Release|Any CPU.Build.0 = Release|Any CPU
		{E409CC84-909F-41F3-A830-8B756A9B4F39}.Debug|Any CPU.ActiveCfg = Debug|Any CPU
		{E409CC84-909F-41F3-A830-8B756A9B4F39}.Debug|Any CPU.Build.0 = Debug|Any CPU
		{E409CC84-909F-41F3-A830-8B756A9B4F39}.Release|Any CPU.ActiveCfg = Release|Any CPU
		{E409CC84-909F-41F3-A830-8B756A9B4F39}.Release|Any CPU.Build.0 = Release|Any CPU
		{536E7B3C-CEDC-4275-B7E6-F5F2BE760197}.Debug|Any CPU.ActiveCfg = Debug|Any CPU
		{536E7B3C-CEDC-4275-B7E6-F5F2BE760197}.Debug|Any CPU.Build.0 = Debug|Any CPU
		{536E7B3C-CEDC-4275-B7E6-F5F2BE760197}.Release|Any CPU.ActiveCfg = Release|Any CPU
		{536E7B3C-CEDC-4275-B7E6-F5F2BE760197}.Release|Any CPU.Build.0 = Release|Any CPU
		{B3F4614C-D0AA-4CB0-97FE-0774759E2F86}.Debug|Any CPU.ActiveCfg = Debug|Any CPU
		{B3F4614C-D0AA-4CB0-97FE-0774759E2F86}.Debug|Any CPU.Build.0 = Debug|Any CPU
		{B3F4614C-D0AA-4CB0-97FE-0774759E2F86}.Release|Any CPU.ActiveCfg = Release|Any CPU
		{B3F4614C-D0AA-4CB0-97FE-0774759E2F86}.Release|Any CPU.Build.0 = Release|Any CPU
	EndGlobalSection
	GlobalSection(SolutionProperties) = preSolution
		HideSolutionNode = FALSE
	EndGlobalSection
	GlobalSection(NestedProjects) = preSolution
		{85E6598E-DC97-4C81-9D8A-AA891B8D1284} = {019957BC-CF9D-4ED1-8959-BC7D2F709B29}
		{64D061D7-5D8A-43A0-A000-5D8942A22B83} = {777B23F9-F7C8-4CA1-BA15-4DD59ADFFD4E}
		{4E6B83EC-D695-4245-B4D6-B162C2A44A4C} = {B06D81CA-7896-4A90-AF15-C0BAEC05A13F}
		{428E20A0-AA18-42BB-8BA3-195F7417CEAB} = {DD4739B3-9784-4DED-BFB1-DC389B7AD2C2}
		{6800CA40-95D8-4736-8841-B012359728BF} = {DD4739B3-9784-4DED-BFB1-DC389B7AD2C2}
		{A21FD474-8752-43BD-925C-0A0C2CAF8A0A} = {DD4739B3-9784-4DED-BFB1-DC389B7AD2C2}
		{5B33BB93-E9AC-489D-8C4C-482D3C286D06} = {DD4739B3-9784-4DED-BFB1-DC389B7AD2C2}
		{E409CC84-909F-41F3-A830-8B756A9B4F39} = {DD4739B3-9784-4DED-BFB1-DC389B7AD2C2}
		{536E7B3C-CEDC-4275-B7E6-F5F2BE760197} = {DD4739B3-9784-4DED-BFB1-DC389B7AD2C2}
		{B3F4614C-D0AA-4CB0-97FE-0774759E2F86} = {DD4739B3-9784-4DED-BFB1-DC389B7AD2C2}
	EndGlobalSection
	GlobalSection(ExtensibilityGlobals) = postSolution
		SolutionGuid = {F5323E4D-10E1-4294-B7B3-AD0EFBA67644}
	EndGlobalSection
EndGlobal
